
Microsoft Visual Studio Solution File, Format Version 12.00
# Visual Studio Version 16
VisualStudioVersion = 16.0.30002.166
MinimumVisualStudioVersion = 10.0.40219.1
Project("{FAE04EC0-301F-11D3-BF4B-00C04F79EFBC}") = "FictiousCompany", "FictiousCompany\FictiousCompany.csproj", "{6648A341-E4BB-4FEB-ACA4-8640D52FBC6A}"
EndProject
Global
	GlobalSection(SolutionConfigurationPlatforms) = preSolution
		Debug|Any CPU = Debug|Any CPU
		Release|Any CPU = Release|Any CPU
	EndGlobalSection
	GlobalSection(ProjectConfigurationPlatforms) = postSolution
		{6648A341-E4BB-4FEB-ACA4-8640D52FBC6A}.Debug|Any CPU.ActiveCfg = Debug|Any CPU
		{6648A341-E4BB-4FEB-ACA4-8640D52FBC6A}.Debug|Any CPU.Build.0 = Debug|Any CPU
		{6648A341-E4BB-4FEB-ACA4-8640D52FBC6A}.Release|Any CPU.ActiveCfg = Release|Any CPU
		{6648A341-E4BB-4FEB-ACA4-8640D52FBC6A}.Release|Any CPU.Build.0 = Release|Any CPU
	EndGlobalSection
	GlobalSection(SolutionProperties) = preSolution
		HideSolutionNode = FALSE
	EndGlobalSection
	GlobalSection(ExtensibilityGlobals) = postSolution
		SolutionGuid = {1ACD0022-46DF-4566-AF25-A0762A0BC276}
	EndGlobalSection
EndGlobal
